
Microsoft Visual Studio Solution File, Format Version 12.00
# Visual Studio Version 16
VisualStudioVersion = 16.0.33801.447
MinimumVisualStudioVersion = 10.0.40219.1
Project("{FAE04EC0-301F-11D3-BF4B-00C04F79EFBC}") = "copy of project2 part1 v4 zoo managment", "copy of project2 part1 v4 zoo managment\copy of project2 part1 v4 zoo managment.csproj", "{75373043-D6B9-4C92-AFBB-D91B49633C38}"
EndProject
Global
	GlobalSection(SolutionConfigurationPlatforms) = preSolution
		Debug|Any CPU = Debug|Any CPU
		Release|Any CPU = Release|Any CPU
	EndGlobalSection
	GlobalSection(ProjectConfigurationPlatforms) = postSolution
		{75373043-D6B9-4C92-AFBB-D91B49633C38}.Debug|Any CPU.ActiveCfg = Debug|Any CPU
		{75373043-D6B9-4C92-AFBB-D91B49633C38}.Debug|Any CPU.Build.0 = Debug|Any CPU
		{75373043-D6B9-4C92-AFBB-D91B49633C38}.Release|Any CPU.ActiveCfg = Release|Any CPU
		{75373043-D6B9-4C92-AFBB-D91B49633C38}.Release|Any CPU.Build.0 = Release|Any CPU
	EndGlobalSection
	GlobalSection(SolutionProperties) = preSolution
		HideSolutionNode = FALSE
	EndGlobalSection
	GlobalSection(ExtensibilityGlobals) = postSolution
		SolutionGuid = {4C9C196D-E4A9-441D-904D-C7755D348CB0}
	EndGlobalSection
EndGlobal
